
Microsoft Visual Studio Solution File, Format Version 12.00
# Visual Studio 15
VisualStudioVersion = 15.0.27703.2000
MinimumVisualStudioVersion = 10.0.40219.1
Project("{9A19103F-16F7-4668-BE54-9A1E7A4F7556}") = "RageExpenses_01", "RageExpenses_01\RageExpenses_01.csproj", "{68E23E0E-5B31-4A1F-A9D2-4E7500CA00C1}"
EndProject
Project("{9A19103F-16F7-4668-BE54-9A1E7A4F7556}") = "MemoryView_02", "MemoryView_02\MemoryView_02.csproj", "{55DD3E3B-007D-494E-95C1-A05F0044421A}"
EndProject
Project("{9A19103F-16F7-4668-BE54-9A1E7A4F7556}") = "StarEnigma_03", "StarEnigma_03\StarEnigma_03.csproj", "{CE87F6C7-D52A-4DF1-91CD-8B3173C42F77}"
EndProject
Project("{9A19103F-16F7-4668-BE54-9A1E7A4F7556}") = "ForceBook_04", "ForceBook_04\ForceBook_04.csproj", "{57F3582B-78B5-4D81-A122-E7968066538E}"
EndProject
Project("{FAE04EC0-301F-11D3-BF4B-00C04F79EFBC}") = "TseamAccount_03", "TseamAccount_03\TseamAccount_03.csproj", "{7556F7C1-8F5C-4B1F-BEA6-B85EBBD6FC1E}"
EndProject
Project("{FAE04EC0-301F-11D3-BF4B-00C04F79EFBC}") = "MOBAChallenger_04", "MOBAChallenger_04\MOBAChallenger_04.csproj", "{C13493BB-2FD5-45C2-BC1D-D0C035E45F1F}"
EndProject
Global
	GlobalSection(SolutionConfigurationPlatforms) = preSolution
		Debug|Any CPU = Debug|Any CPU
		Release|Any CPU = Release|Any CPU
	EndGlobalSection
	GlobalSection(ProjectConfigurationPlatforms) = postSolution
		{68E23E0E-5B31-4A1F-A9D2-4E7500CA00C1}.Debug|Any CPU.ActiveCfg = Debug|Any CPU
		{68E23E0E-5B31-4A1F-A9D2-4E7500CA00C1}.Debug|Any CPU.Build.0 = Debug|Any CPU
		{68E23E0E-5B31-4A1F-A9D2-4E7500CA00C1}.Release|Any CPU.ActiveCfg = Release|Any CPU
		{68E23E0E-5B31-4A1F-A9D2-4E7500CA00C1}.Release|Any CPU.Build.0 = Release|Any CPU
		{55DD3E3B-007D-494E-95C1-A05F0044421A}.Debug|Any CPU.ActiveCfg = Debug|Any CPU
		{55DD3E3B-007D-494E-95C1-A05F0044421A}.Debug|Any CPU.Build.0 = Debug|Any CPU
		{55DD3E3B-007D-494E-95C1-A05F0044421A}.Release|Any CPU.ActiveCfg = Release|Any CPU
		{55DD3E3B-007D-494E-95C1-A05F0044421A}.Release|Any CPU.Build.0 = Release|Any CPU
		{CE87F6C7-D52A-4DF1-91CD-8B3173C42F77}.Debug|Any CPU.ActiveCfg = Debug|Any CPU
		{CE87F6C7-D52A-4DF1-91CD-8B3173C42F77}.Debug|Any CPU.Build.0 = Debug|Any CPU
		{CE87F6C7-D52A-4DF1-91CD-8B3173C42F77}.Release|Any CPU.ActiveCfg = Release|Any CPU
		{CE87F6C7-D52A-4DF1-91CD-8B3173C42F77}.Release|Any CPU.Build.0 = Release|Any CPU
		{57F3582B-78B5-4D81-A122-E7968066538E}.Debug|Any CPU.ActiveCfg = Debug|Any CPU
		{57F3582B-78B5-4D81-A122-E7968066538E}.Debug|Any CPU.Build.0 = Debug|Any CPU
		{57F3582B-78B5-4D81-A122-E7968066538E}.Release|Any CPU.ActiveCfg = Release|Any CPU
		{57F3582B-78B5-4D81-A122-E7968066538E}.Release|Any CPU.Build.0 = Release|Any CPU
		{7556F7C1-8F5C-4B1F-BEA6-B85EBBD6FC1E}.Debug|Any CPU.ActiveCfg = Debug|Any CPU
		{7556F7C1-8F5C-4B1F-BEA6-B85EBBD6FC1E}.Debug|Any CPU.Build.0 = Debug|Any CPU
		{7556F7C1-8F5C-4B1F-BEA6-B85EBBD6FC1E}.Release|Any CPU.ActiveCfg = Release|Any CPU
		{7556F7C1-8F5C-4B1F-BEA6-B85EBBD6FC1E}.Release|Any CPU.Build.0 = Release|Any CPU
		{C13493BB-2FD5-45C2-BC1D-D0C035E45F1F}.Debug|Any CPU.ActiveCfg = Debug|Any CPU
		{C13493BB-2FD5-45C2-BC1D-D0C035E45F1F}.Debug|Any CPU.Build.0 = Debug|Any CPU
		{C13493BB-2FD5-45C2-BC1D-D0C035E45F1F}.Release|Any CPU.ActiveCfg = Release|Any CPU
		{C13493BB-2FD5-45C2-BC1D-D0C035E45F1F}.Release|Any CPU.Build.0 = Release|Any CPU
	EndGlobalSection
	GlobalSection(SolutionProperties) = preSolution
		HideSolutionNode = FALSE
	EndGlobalSection
	GlobalSection(ExtensibilityGlobals) = postSolution
		SolutionGuid = {B0D4DA0D-ED98-4C7A-8E2D-091A80A11B4D}
	EndGlobalSection
EndGlobal
