
Microsoft Visual Studio Solution File, Format Version 12.00
# Visual Studio 15
VisualStudioVersion = 15.0.27703.2000
MinimumVisualStudioVersion = 10.0.40219.1
Project("{FAE04EC0-301F-11D3-BF4B-00C04F79EFBC}") = "EnduranceRally_03", "EnduranceRally_03\EnduranceRally_03.csproj", "{66BCF2EF-E600-4932-BD41-26C58816FA65}"
EndProject
Project("{FAE04EC0-301F-11D3-BF4B-00C04F79EFBC}") = "WinningTicket_04", "WinningTicket_04\WinningTicket_04.csproj", "{D1DFFA79-4D9D-4AB8-B507-8A3F9D695741}"
EndProject
Project("{FAE04EC0-301F-11D3-BF4B-00C04F79EFBC}") = "test", "test\test.csproj", "{A597E597-4486-4D0A-9ADE-06606109C405}"
EndProject
Global
	GlobalSection(SolutionConfigurationPlatforms) = preSolution
		Debug|Any CPU = Debug|Any CPU
		Release|Any CPU = Release|Any CPU
	EndGlobalSection
	GlobalSection(ProjectConfigurationPlatforms) = postSolution
		{66BCF2EF-E600-4932-BD41-26C58816FA65}.Debug|Any CPU.ActiveCfg = Debug|Any CPU
		{66BCF2EF-E600-4932-BD41-26C58816FA65}.Debug|Any CPU.Build.0 = Debug|Any CPU
		{66BCF2EF-E600-4932-BD41-26C58816FA65}.Release|Any CPU.ActiveCfg = Release|Any CPU
		{66BCF2EF-E600-4932-BD41-26C58816FA65}.Release|Any CPU.Build.0 = Release|Any CPU
		{D1DFFA79-4D9D-4AB8-B507-8A3F9D695741}.Debug|Any CPU.ActiveCfg = Debug|Any CPU
		{D1DFFA79-4D9D-4AB8-B507-8A3F9D695741}.Debug|Any CPU.Build.0 = Debug|Any CPU
		{D1DFFA79-4D9D-4AB8-B507-8A3F9D695741}.Release|Any CPU.ActiveCfg = Release|Any CPU
		{D1DFFA79-4D9D-4AB8-B507-8A3F9D695741}.Release|Any CPU.Build.0 = Release|Any CPU
		{A597E597-4486-4D0A-9ADE-06606109C405}.Debug|Any CPU.ActiveCfg = Debug|Any CPU
		{A597E597-4486-4D0A-9ADE-06606109C405}.Debug|Any CPU.Build.0 = Debug|Any CPU
		{A597E597-4486-4D0A-9ADE-06606109C405}.Release|Any CPU.ActiveCfg = Release|Any CPU
		{A597E597-4486-4D0A-9ADE-06606109C405}.Release|Any CPU.Build.0 = Release|Any CPU
	EndGlobalSection
	GlobalSection(SolutionProperties) = preSolution
		HideSolutionNode = FALSE
	EndGlobalSection
	GlobalSection(ExtensibilityGlobals) = postSolution
		SolutionGuid = {ED30AE1B-7835-4BE9-B064-67E71FA662F9}
	EndGlobalSection
EndGlobal
