
Microsoft Visual Studio Solution File, Format Version 12.00
# Visual Studio 15
VisualStudioVersion = 15.0.27703.2000
MinimumVisualStudioVersion = 10.0.40219.1
Project("{FAE04EC0-301F-11D3-BF4B-00C04F79EFBC}") = "Debit_Card_Number_01", "Debit_Card_Number_01\Debit_Card_Number_01.csproj", "{18F17BDB-8403-41BE-A0A1-FB27F3C0D71E}"
EndProject
Project("{FAE04EC0-301F-11D3-BF4B-00C04F79EFBC}") = "Rectangle_Area_02", "Rectangle_Area_02\Rectangle_Area_02.csproj", "{989FA55E-BD86-4CFA-BC3B-33C3310D996A}"
EndProject
Project("{FAE04EC0-301F-11D3-BF4B-00C04F79EFBC}") = "Miles_To_Kilometers_03", "Miles_To_Kilometers_03\Miles_To_Kilometers_03.csproj", "{037DC82C-4E64-4081-9BA8-6EBB492C467D}"
EndProject
Project("{FAE04EC0-301F-11D3-BF4B-00C04F79EFBC}") = "Beverage_Labels_04", "Beverage_Labels_04\Beverage_Labels_04.csproj", "{6F2FB713-4492-48E5-A9CD-75FAEDDD9034}"
EndProject
Project("{FAE04EC0-301F-11D3-BF4B-00C04F79EFBC}") = "Character_Sets_05", "Character_Sets_05\Character_Sets_05.csproj", "{537C9027-9C89-4E46-9618-85841EBEF696}"
EndProject
Global
	GlobalSection(SolutionConfigurationPlatforms) = preSolution
		Debug|Any CPU = Debug|Any CPU
		Release|Any CPU = Release|Any CPU
	EndGlobalSection
	GlobalSection(ProjectConfigurationPlatforms) = postSolution
		{18F17BDB-8403-41BE-A0A1-FB27F3C0D71E}.Debug|Any CPU.ActiveCfg = Debug|Any CPU
		{18F17BDB-8403-41BE-A0A1-FB27F3C0D71E}.Debug|Any CPU.Build.0 = Debug|Any CPU
		{18F17BDB-8403-41BE-A0A1-FB27F3C0D71E}.Release|Any CPU.ActiveCfg = Release|Any CPU
		{18F17BDB-8403-41BE-A0A1-FB27F3C0D71E}.Release|Any CPU.Build.0 = Release|Any CPU
		{989FA55E-BD86-4CFA-BC3B-33C3310D996A}.Debug|Any CPU.ActiveCfg = Debug|Any CPU
		{989FA55E-BD86-4CFA-BC3B-33C3310D996A}.Debug|Any CPU.Build.0 = Debug|Any CPU
		{989FA55E-BD86-4CFA-BC3B-33C3310D996A}.Release|Any CPU.ActiveCfg = Release|Any CPU
		{989FA55E-BD86-4CFA-BC3B-33C3310D996A}.Release|Any CPU.Build.0 = Release|Any CPU
		{037DC82C-4E64-4081-9BA8-6EBB492C467D}.Debug|Any CPU.ActiveCfg = Debug|Any CPU
		{037DC82C-4E64-4081-9BA8-6EBB492C467D}.Debug|Any CPU.Build.0 = Debug|Any CPU
		{037DC82C-4E64-4081-9BA8-6EBB492C467D}.Release|Any CPU.ActiveCfg = Release|Any CPU
		{037DC82C-4E64-4081-9BA8-6EBB492C467D}.Release|Any CPU.Build.0 = Release|Any CPU
		{6F2FB713-4492-48E5-A9CD-75FAEDDD9034}.Debug|Any CPU.ActiveCfg = Debug|Any CPU
		{6F2FB713-4492-48E5-A9CD-75FAEDDD9034}.Debug|Any CPU.Build.0 = Debug|Any CPU
		{6F2FB713-4492-48E5-A9CD-75FAEDDD9034}.Release|Any CPU.ActiveCfg = Release|Any CPU
		{6F2FB713-4492-48E5-A9CD-75FAEDDD9034}.Release|Any CPU.Build.0 = Release|Any CPU
		{537C9027-9C89-4E46-9618-85841EBEF696}.Debug|Any CPU.ActiveCfg = Debug|Any CPU
		{537C9027-9C89-4E46-9618-85841EBEF696}.Debug|Any CPU.Build.0 = Debug|Any CPU
		{537C9027-9C89-4E46-9618-85841EBEF696}.Release|Any CPU.ActiveCfg = Release|Any CPU
		{537C9027-9C89-4E46-9618-85841EBEF696}.Release|Any CPU.Build.0 = Release|Any CPU
	EndGlobalSection
	GlobalSection(SolutionProperties) = preSolution
		HideSolutionNode = FALSE
	EndGlobalSection
	GlobalSection(ExtensibilityGlobals) = postSolution
		SolutionGuid = {43E2DD62-5CE3-4E2C-9060-58BF43F7126B}
	EndGlobalSection
EndGlobal
