
Microsoft Visual Studio Solution File, Format Version 12.00
# Visual Studio 15
VisualStudioVersion = 15.0.27703.2000
MinimumVisualStudioVersion = 10.0.40219.1
Project("{9A19103F-16F7-4668-BE54-9A1E7A4F7556}") = "PhoneBook_01", "PhoneBook_01\PhoneBook_01.csproj", "{E67139C9-E124-4D8B-AA00-B5C6BA334C90}"
EndProject
Project("{9A19103F-16F7-4668-BE54-9A1E7A4F7556}") = "PhoneBookUpgrade_02", "PhoneBookUpgrade_02\PhoneBookUpgrade_02.csproj", "{2D671400-F213-42EA-861B-9536053C2589}"
EndProject
Project("{9A19103F-16F7-4668-BE54-9A1E7A4F7556}") = "AMinerTask_03", "AMinerTask\AMinerTask_03.csproj", "{01143A95-3E1A-4262-8A74-515CC8DB55EE}"
EndProject
Project("{9A19103F-16F7-4668-BE54-9A1E7A4F7556}") = "FixEmails_04", "FixEmails_04\FixEmails_04.csproj", "{AE6242EF-DCBE-41DD-8A03-8D36B8F08BCD}"
EndProject
Project("{9A19103F-16F7-4668-BE54-9A1E7A4F7556}") = "HandsOfCards_05", "HandsOfCards_05\HandsOfCards_05.csproj", "{60C170CD-8744-4713-A610-217F26DAD8E7}"
EndProject
Project("{9A19103F-16F7-4668-BE54-9A1E7A4F7556}") = "UserLogs_06", "UserLogs_06\UserLogs_06.csproj", "{56081BE3-03E5-4C86-9B85-90030EE99EFE}"
EndProject
Project("{9A19103F-16F7-4668-BE54-9A1E7A4F7556}") = "PopulationCounter_07", "PopulationCounter_07\PopulationCounter_07.csproj", "{250A9F1B-6452-4F8A-A9DC-77CCB8FFE887}"
EndProject
Project("{9A19103F-16F7-4668-BE54-9A1E7A4F7556}") = "LogsAggregator_08", "LogsAggregator_08\LogsAggregator_08.csproj", "{BAE463F3-2F9D-4C72-A67C-6E1428B22123}"
EndProject
Project("{9A19103F-16F7-4668-BE54-9A1E7A4F7556}") = "LegendaryFarming_09", "LegendaryFarming_09\LegendaryFarming_09.csproj", "{CDC8F328-E3A9-4CFA-A988-D98D20EAD875}"
EndProject
Project("{9A19103F-16F7-4668-BE54-9A1E7A4F7556}") = "СръбскоUnleashed_10", "СръбскоUnleashed_10\СръбскоUnleashed_10.csproj", "{4E9FDE2F-C1A2-4A80-B6C5-2309F10B9A99}"
EndProject
Project("{FAE04EC0-301F-11D3-BF4B-00C04F79EFBC}") = "DragonArmy_11", "DragonArmy_11\DragonArmy_11.csproj", "{00DF26B3-87EC-434B-8903-7EC6E269CEDD}"
EndProject
Global
	GlobalSection(SolutionConfigurationPlatforms) = preSolution
		Debug|Any CPU = Debug|Any CPU
		Debug|x64 = Debug|x64
		Debug|x86 = Debug|x86
		Release|Any CPU = Release|Any CPU
		Release|x64 = Release|x64
		Release|x86 = Release|x86
	EndGlobalSection
	GlobalSection(ProjectConfigurationPlatforms) = postSolution
		{E67139C9-E124-4D8B-AA00-B5C6BA334C90}.Debug|Any CPU.ActiveCfg = Debug|Any CPU
		{E67139C9-E124-4D8B-AA00-B5C6BA334C90}.Debug|Any CPU.Build.0 = Debug|Any CPU
		{E67139C9-E124-4D8B-AA00-B5C6BA334C90}.Debug|x64.ActiveCfg = Debug|Any CPU
		{E67139C9-E124-4D8B-AA00-B5C6BA334C90}.Debug|x64.Build.0 = Debug|Any CPU
		{E67139C9-E124-4D8B-AA00-B5C6BA334C90}.Debug|x86.ActiveCfg = Debug|Any CPU
		{E67139C9-E124-4D8B-AA00-B5C6BA334C90}.Debug|x86.Build.0 = Debug|Any CPU
		{E67139C9-E124-4D8B-AA00-B5C6BA334C90}.Release|Any CPU.ActiveCfg = Release|Any CPU
		{E67139C9-E124-4D8B-AA00-B5C6BA334C90}.Release|Any CPU.Build.0 = Release|Any CPU
		{E67139C9-E124-4D8B-AA00-B5C6BA334C90}.Release|x64.ActiveCfg = Release|Any CPU
		{E67139C9-E124-4D8B-AA00-B5C6BA334C90}.Release|x64.Build.0 = Release|Any CPU
		{E67139C9-E124-4D8B-AA00-B5C6BA334C90}.Release|x86.ActiveCfg = Release|Any CPU
		{E67139C9-E124-4D8B-AA00-B5C6BA334C90}.Release|x86.Build.0 = Release|Any CPU
		{2D671400-F213-42EA-861B-9536053C2589}.Debug|Any CPU.ActiveCfg = Debug|Any CPU
		{2D671400-F213-42EA-861B-9536053C2589}.Debug|Any CPU.Build.0 = Debug|Any CPU
		{2D671400-F213-42EA-861B-9536053C2589}.Debug|x64.ActiveCfg = Debug|Any CPU
		{2D671400-F213-42EA-861B-9536053C2589}.Debug|x64.Build.0 = Debug|Any CPU
		{2D671400-F213-42EA-861B-9536053C2589}.Debug|x86.ActiveCfg = Debug|Any CPU
		{2D671400-F213-42EA-861B-9536053C2589}.Debug|x86.Build.0 = Debug|Any CPU
		{2D671400-F213-42EA-861B-9536053C2589}.Release|Any CPU.ActiveCfg = Release|Any CPU
		{2D671400-F213-42EA-861B-9536053C2589}.Release|Any CPU.Build.0 = Release|Any CPU
		{2D671400-F213-42EA-861B-9536053C2589}.Release|x64.ActiveCfg = Release|Any CPU
		{2D671400-F213-42EA-861B-9536053C2589}.Release|x64.Build.0 = Release|Any CPU
		{2D671400-F213-42EA-861B-9536053C2589}.Release|x86.ActiveCfg = Release|Any CPU
		{2D671400-F213-42EA-861B-9536053C2589}.Release|x86.Build.0 = Release|Any CPU
		{01143A95-3E1A-4262-8A74-515CC8DB55EE}.Debug|Any CPU.ActiveCfg = Debug|Any CPU
		{01143A95-3E1A-4262-8A74-515CC8DB55EE}.Debug|Any CPU.Build.0 = Debug|Any CPU
		{01143A95-3E1A-4262-8A74-515CC8DB55EE}.Debug|x64.ActiveCfg = Debug|Any CPU
		{01143A95-3E1A-4262-8A74-515CC8DB55EE}.Debug|x64.Build.0 = Debug|Any CPU
		{01143A95-3E1A-4262-8A74-515CC8DB55EE}.Debug|x86.ActiveCfg = Debug|Any CPU
		{01143A95-3E1A-4262-8A74-515CC8DB55EE}.Debug|x86.Build.0 = Debug|Any CPU
		{01143A95-3E1A-4262-8A74-515CC8DB55EE}.Release|Any CPU.ActiveCfg = Release|Any CPU
		{01143A95-3E1A-4262-8A74-515CC8DB55EE}.Release|Any CPU.Build.0 = Release|Any CPU
		{01143A95-3E1A-4262-8A74-515CC8DB55EE}.Release|x64.ActiveCfg = Release|Any CPU
		{01143A95-3E1A-4262-8A74-515CC8DB55EE}.Release|x64.Build.0 = Release|Any CPU
		{01143A95-3E1A-4262-8A74-515CC8DB55EE}.Release|x86.ActiveCfg = Release|Any CPU
		{01143A95-3E1A-4262-8A74-515CC8DB55EE}.Release|x86.Build.0 = Release|Any CPU
		{AE6242EF-DCBE-41DD-8A03-8D36B8F08BCD}.Debug|Any CPU.ActiveCfg = Debug|Any CPU
		{AE6242EF-DCBE-41DD-8A03-8D36B8F08BCD}.Debug|Any CPU.Build.0 = Debug|Any CPU
		{AE6242EF-DCBE-41DD-8A03-8D36B8F08BCD}.Debug|x64.ActiveCfg = Debug|Any CPU
		{AE6242EF-DCBE-41DD-8A03-8D36B8F08BCD}.Debug|x64.Build.0 = Debug|Any CPU
		{AE6242EF-DCBE-41DD-8A03-8D36B8F08BCD}.Debug|x86.ActiveCfg = Debug|Any CPU
		{AE6242EF-DCBE-41DD-8A03-8D36B8F08BCD}.Debug|x86.Build.0 = Debug|Any CPU
		{AE6242EF-DCBE-41DD-8A03-8D36B8F08BCD}.Release|Any CPU.ActiveCfg = Release|Any CPU
		{AE6242EF-DCBE-41DD-8A03-8D36B8F08BCD}.Release|Any CPU.Build.0 = Release|Any CPU
		{AE6242EF-DCBE-41DD-8A03-8D36B8F08BCD}.Release|x64.ActiveCfg = Release|Any CPU
		{AE6242EF-DCBE-41DD-8A03-8D36B8F08BCD}.Release|x64.Build.0 = Release|Any CPU
		{AE6242EF-DCBE-41DD-8A03-8D36B8F08BCD}.Release|x86.ActiveCfg = Release|Any CPU
		{AE6242EF-DCBE-41DD-8A03-8D36B8F08BCD}.Release|x86.Build.0 = Release|Any CPU
		{60C170CD-8744-4713-A610-217F26DAD8E7}.Debug|Any CPU.ActiveCfg = Debug|Any CPU
		{60C170CD-8744-4713-A610-217F26DAD8E7}.Debug|Any CPU.Build.0 = Debug|Any CPU
		{60C170CD-8744-4713-A610-217F26DAD8E7}.Debug|x64.ActiveCfg = Debug|Any CPU
		{60C170CD-8744-4713-A610-217F26DAD8E7}.Debug|x64.Build.0 = Debug|Any CPU
		{60C170CD-8744-4713-A610-217F26DAD8E7}.Debug|x86.ActiveCfg = Debug|Any CPU
		{60C170CD-8744-4713-A610-217F26DAD8E7}.Debug|x86.Build.0 = Debug|Any CPU
		{60C170CD-8744-4713-A610-217F26DAD8E7}.Release|Any CPU.ActiveCfg = Release|Any CPU
		{60C170CD-8744-4713-A610-217F26DAD8E7}.Release|Any CPU.Build.0 = Release|Any CPU
		{60C170CD-8744-4713-A610-217F26DAD8E7}.Release|x64.ActiveCfg = Release|Any CPU
		{60C170CD-8744-4713-A610-217F26DAD8E7}.Release|x64.Build.0 = Release|Any CPU
		{60C170CD-8744-4713-A610-217F26DAD8E7}.Release|x86.ActiveCfg = Release|Any CPU
		{60C170CD-8744-4713-A610-217F26DAD8E7}.Release|x86.Build.0 = Release|Any CPU
		{56081BE3-03E5-4C86-9B85-90030EE99EFE}.Debug|Any CPU.ActiveCfg = Debug|Any CPU
		{56081BE3-03E5-4C86-9B85-90030EE99EFE}.Debug|Any CPU.Build.0 = Debug|Any CPU
		{56081BE3-03E5-4C86-9B85-90030EE99EFE}.Debug|x64.ActiveCfg = Debug|Any CPU
		{56081BE3-03E5-4C86-9B85-90030EE99EFE}.Debug|x64.Build.0 = Debug|Any CPU
		{56081BE3-03E5-4C86-9B85-90030EE99EFE}.Debug|x86.ActiveCfg = Debug|Any CPU
		{56081BE3-03E5-4C86-9B85-90030EE99EFE}.Debug|x86.Build.0 = Debug|Any CPU
		{56081BE3-03E5-4C86-9B85-90030EE99EFE}.Release|Any CPU.ActiveCfg = Release|Any CPU
		{56081BE3-03E5-4C86-9B85-90030EE99EFE}.Release|Any CPU.Build.0 = Release|Any CPU
		{56081BE3-03E5-4C86-9B85-90030EE99EFE}.Release|x64.ActiveCfg = Release|Any CPU
		{56081BE3-03E5-4C86-9B85-90030EE99EFE}.Release|x64.Build.0 = Release|Any CPU
		{56081BE3-03E5-4C86-9B85-90030EE99EFE}.Release|x86.ActiveCfg = Release|Any CPU
		{56081BE3-03E5-4C86-9B85-90030EE99EFE}.Release|x86.Build.0 = Release|Any CPU
		{250A9F1B-6452-4F8A-A9DC-77CCB8FFE887}.Debug|Any CPU.ActiveCfg = Debug|Any CPU
		{250A9F1B-6452-4F8A-A9DC-77CCB8FFE887}.Debug|Any CPU.Build.0 = Debug|Any CPU
		{250A9F1B-6452-4F8A-A9DC-77CCB8FFE887}.Debug|x64.ActiveCfg = Debug|Any CPU
		{250A9F1B-6452-4F8A-A9DC-77CCB8FFE887}.Debug|x64.Build.0 = Debug|Any CPU
		{250A9F1B-6452-4F8A-A9DC-77CCB8FFE887}.Debug|x86.ActiveCfg = Debug|Any CPU
		{250A9F1B-6452-4F8A-A9DC-77CCB8FFE887}.Debug|x86.Build.0 = Debug|Any CPU
		{250A9F1B-6452-4F8A-A9DC-77CCB8FFE887}.Release|Any CPU.ActiveCfg = Release|Any CPU
		{250A9F1B-6452-4F8A-A9DC-77CCB8FFE887}.Release|Any CPU.Build.0 = Release|Any CPU
		{250A9F1B-6452-4F8A-A9DC-77CCB8FFE887}.Release|x64.ActiveCfg = Release|Any CPU
		{250A9F1B-6452-4F8A-A9DC-77CCB8FFE887}.Release|x64.Build.0 = Release|Any CPU
		{250A9F1B-6452-4F8A-A9DC-77CCB8FFE887}.Release|x86.ActiveCfg = Release|Any CPU
		{250A9F1B-6452-4F8A-A9DC-77CCB8FFE887}.Release|x86.Build.0 = Release|Any CPU
		{BAE463F3-2F9D-4C72-A67C-6E1428B22123}.Debug|Any CPU.ActiveCfg = Debug|Any CPU
		{BAE463F3-2F9D-4C72-A67C-6E1428B22123}.Debug|Any CPU.Build.0 = Debug|Any CPU
		{BAE463F3-2F9D-4C72-A67C-6E1428B22123}.Debug|x64.ActiveCfg = Debug|Any CPU
		{BAE463F3-2F9D-4C72-A67C-6E1428B22123}.Debug|x64.Build.0 = Debug|Any CPU
		{BAE463F3-2F9D-4C72-A67C-6E1428B22123}.Debug|x86.ActiveCfg = Debug|Any CPU
		{BAE463F3-2F9D-4C72-A67C-6E1428B22123}.Debug|x86.Build.0 = Debug|Any CPU
		{BAE463F3-2F9D-4C72-A67C-6E1428B22123}.Release|Any CPU.ActiveCfg = Release|Any CPU
		{BAE463F3-2F9D-4C72-A67C-6E1428B22123}.Release|Any CPU.Build.0 = Release|Any CPU
		{BAE463F3-2F9D-4C72-A67C-6E1428B22123}.Release|x64.ActiveCfg = Release|Any CPU
		{BAE463F3-2F9D-4C72-A67C-6E1428B22123}.Release|x64.Build.0 = Release|Any CPU
		{BAE463F3-2F9D-4C72-A67C-6E1428B22123}.Release|x86.ActiveCfg = Release|Any CPU
		{BAE463F3-2F9D-4C72-A67C-6E1428B22123}.Release|x86.Build.0 = Release|Any CPU
		{CDC8F328-E3A9-4CFA-A988-D98D20EAD875}.Debug|Any CPU.ActiveCfg = Debug|Any CPU
		{CDC8F328-E3A9-4CFA-A988-D98D20EAD875}.Debug|Any CPU.Build.0 = Debug|Any CPU
		{CDC8F328-E3A9-4CFA-A988-D98D20EAD875}.Debug|x64.ActiveCfg = Debug|Any CPU
		{CDC8F328-E3A9-4CFA-A988-D98D20EAD875}.Debug|x64.Build.0 = Debug|Any CPU
		{CDC8F328-E3A9-4CFA-A988-D98D20EAD875}.Debug|x86.ActiveCfg = Debug|Any CPU
		{CDC8F328-E3A9-4CFA-A988-D98D20EAD875}.Debug|x86.Build.0 = Debug|Any CPU
		{CDC8F328-E3A9-4CFA-A988-D98D20EAD875}.Release|Any CPU.ActiveCfg = Release|Any CPU
		{CDC8F328-E3A9-4CFA-A988-D98D20EAD875}.Release|Any CPU.Build.0 = Release|Any CPU
		{CDC8F328-E3A9-4CFA-A988-D98D20EAD875}.Release|x64.ActiveCfg = Release|Any CPU
		{CDC8F328-E3A9-4CFA-A988-D98D20EAD875}.Release|x64.Build.0 = Release|Any CPU
		{CDC8F328-E3A9-4CFA-A988-D98D20EAD875}.Release|x86.ActiveCfg = Release|Any CPU
		{CDC8F328-E3A9-4CFA-A988-D98D20EAD875}.Release|x86.Build.0 = Release|Any CPU
		{4E9FDE2F-C1A2-4A80-B6C5-2309F10B9A99}.Debug|Any CPU.ActiveCfg = Debug|Any CPU
		{4E9FDE2F-C1A2-4A80-B6C5-2309F10B9A99}.Debug|Any CPU.Build.0 = Debug|Any CPU
		{4E9FDE2F-C1A2-4A80-B6C5-2309F10B9A99}.Debug|x64.ActiveCfg = Debug|Any CPU
		{4E9FDE2F-C1A2-4A80-B6C5-2309F10B9A99}.Debug|x64.Build.0 = Debug|Any CPU
		{4E9FDE2F-C1A2-4A80-B6C5-2309F10B9A99}.Debug|x86.ActiveCfg = Debug|Any CPU
		{4E9FDE2F-C1A2-4A80-B6C5-2309F10B9A99}.Debug|x86.Build.0 = Debug|Any CPU
		{4E9FDE2F-C1A2-4A80-B6C5-2309F10B9A99}.Release|Any CPU.ActiveCfg = Release|Any CPU
		{4E9FDE2F-C1A2-4A80-B6C5-2309F10B9A99}.Release|Any CPU.Build.0 = Release|Any CPU
		{4E9FDE2F-C1A2-4A80-B6C5-2309F10B9A99}.Release|x64.ActiveCfg = Release|Any CPU
		{4E9FDE2F-C1A2-4A80-B6C5-2309F10B9A99}.Release|x64.Build.0 = Release|Any CPU
		{4E9FDE2F-C1A2-4A80-B6C5-2309F10B9A99}.Release|x86.ActiveCfg = Release|Any CPU
		{4E9FDE2F-C1A2-4A80-B6C5-2309F10B9A99}.Release|x86.Build.0 = Release|Any CPU
		{00DF26B3-87EC-434B-8903-7EC6E269CEDD}.Debug|Any CPU.ActiveCfg = Debug|Any CPU
		{00DF26B3-87EC-434B-8903-7EC6E269CEDD}.Debug|Any CPU.Build.0 = Debug|Any CPU
		{00DF26B3-87EC-434B-8903-7EC6E269CEDD}.Debug|x64.ActiveCfg = Debug|Any CPU
		{00DF26B3-87EC-434B-8903-7EC6E269CEDD}.Debug|x64.Build.0 = Debug|Any CPU
		{00DF26B3-87EC-434B-8903-7EC6E269CEDD}.Debug|x86.ActiveCfg = Debug|Any CPU
		{00DF26B3-87EC-434B-8903-7EC6E269CEDD}.Debug|x86.Build.0 = Debug|Any CPU
		{00DF26B3-87EC-434B-8903-7EC6E269CEDD}.Release|Any CPU.ActiveCfg = Release|Any CPU
		{00DF26B3-87EC-434B-8903-7EC6E269CEDD}.Release|Any CPU.Build.0 = Release|Any CPU
		{00DF26B3-87EC-434B-8903-7EC6E269CEDD}.Release|x64.ActiveCfg = Release|Any CPU
		{00DF26B3-87EC-434B-8903-7EC6E269CEDD}.Release|x64.Build.0 = Release|Any CPU
		{00DF26B3-87EC-434B-8903-7EC6E269CEDD}.Release|x86.ActiveCfg = Release|Any CPU
		{00DF26B3-87EC-434B-8903-7EC6E269CEDD}.Release|x86.Build.0 = Release|Any CPU
	EndGlobalSection
	GlobalSection(SolutionProperties) = preSolution
		HideSolutionNode = FALSE
	EndGlobalSection
	GlobalSection(ExtensibilityGlobals) = postSolution
		SolutionGuid = {6BAB0DA4-2AE2-4F79-9279-021D1FB63074}
	EndGlobalSection
EndGlobal
