
Microsoft Visual Studio Solution File, Format Version 12.00
# Visual Studio 15
VisualStudioVersion = 15.0.27703.2000
MinimumVisualStudioVersion = 10.0.40219.1
Project("{9A19103F-16F7-4668-BE54-9A1E7A4F7556}") = "LargestCommonEnd_01", "LargestCommonEnd_01\LargestCommonEnd_01.csproj", "{A0C10C26-2996-4A1C-B641-551CE371C703}"
EndProject
Project("{FAE04EC0-301F-11D3-BF4B-00C04F79EFBC}") = "FoldAndSum_03", "FoldAndSum_03\FoldAndSum_03.csproj", "{668C9FEE-6874-4C35-907A-DF47D763B1C4}"
EndProject
Project("{FAE04EC0-301F-11D3-BF4B-00C04F79EFBC}") = "SieveOfEratosthenes_04", "SieveOfEratosthenes_04\SieveOfEratosthenes_04.csproj", "{9E4D13B4-190C-4980-BF0C-DD94397CF6A8}"
EndProject
Project("{FAE04EC0-301F-11D3-BF4B-00C04F79EFBC}") = "CompareCharArrays_05", "CompareCharArrays_05\CompareCharArrays_05.csproj", "{F2FF9B1E-4172-42F3-ADC4-22E47887DB36}"
EndProject
Project("{FAE04EC0-301F-11D3-BF4B-00C04F79EFBC}") = "MaxSequenceOfEqualElements_06", "MaxSequenceOfEqualElements_06\MaxSequenceOfEqualElements_06.csproj", "{8F33183C-1304-42DD-B704-55CF0E100A9F}"
EndProject
Project("{FAE04EC0-301F-11D3-BF4B-00C04F79EFBC}") = "MaxSequenceOfIncreasingElements_07", "MaxSequenceOfIncreasingElements_07\MaxSequenceOfIncreasingElements_07.csproj", "{C453D390-CBCE-40C2-AA30-1984B6AB3F81}"
EndProject
Project("{FAE04EC0-301F-11D3-BF4B-00C04F79EFBC}") = "MostFrequentNumber_08", "MostFrequentNumber_08\MostFrequentNumber_08.csproj", "{CA019F3A-1784-4ECD-9577-3F284B3B61B0}"
EndProject
Project("{FAE04EC0-301F-11D3-BF4B-00C04F79EFBC}") = "IndexOfLetters_09", "IndexOfLetters_09\IndexOfLetters_09.csproj", "{8C53ED44-463C-4D5A-B753-FD7842E74525}"
EndProject
Project("{FAE04EC0-301F-11D3-BF4B-00C04F79EFBC}") = "PairsByDifference_10", "PairsByDifference_10\PairsByDifference_10.csproj", "{154E5462-66FF-4BAF-9910-9A1AA27CE618}"
EndProject
Project("{FAE04EC0-301F-11D3-BF4B-00C04F79EFBC}") = "EqualSums_11", "EqualSums_11\EqualSums_11.csproj", "{A72086CA-D73D-4414-B947-DEFF81BE81B7}"
EndProject
Project("{FAE04EC0-301F-11D3-BF4B-00C04F79EFBC}") = "RotateAndSum_02", "RotateAndSum_02\RotateAndSum_02.csproj", "{2BBBBAEB-0276-4730-97F9-A7EFC502E477}"
EndProject
Global
	GlobalSection(SolutionConfigurationPlatforms) = preSolution
		Debug|Any CPU = Debug|Any CPU
		Release|Any CPU = Release|Any CPU
	EndGlobalSection
	GlobalSection(ProjectConfigurationPlatforms) = postSolution
		{A0C10C26-2996-4A1C-B641-551CE371C703}.Debug|Any CPU.ActiveCfg = Debug|Any CPU
		{A0C10C26-2996-4A1C-B641-551CE371C703}.Debug|Any CPU.Build.0 = Debug|Any CPU
		{A0C10C26-2996-4A1C-B641-551CE371C703}.Release|Any CPU.ActiveCfg = Release|Any CPU
		{A0C10C26-2996-4A1C-B641-551CE371C703}.Release|Any CPU.Build.0 = Release|Any CPU
		{668C9FEE-6874-4C35-907A-DF47D763B1C4}.Debug|Any CPU.ActiveCfg = Debug|Any CPU
		{668C9FEE-6874-4C35-907A-DF47D763B1C4}.Debug|Any CPU.Build.0 = Debug|Any CPU
		{668C9FEE-6874-4C35-907A-DF47D763B1C4}.Release|Any CPU.ActiveCfg = Release|Any CPU
		{668C9FEE-6874-4C35-907A-DF47D763B1C4}.Release|Any CPU.Build.0 = Release|Any CPU
		{9E4D13B4-190C-4980-BF0C-DD94397CF6A8}.Debug|Any CPU.ActiveCfg = Debug|Any CPU
		{9E4D13B4-190C-4980-BF0C-DD94397CF6A8}.Debug|Any CPU.Build.0 = Debug|Any CPU
		{9E4D13B4-190C-4980-BF0C-DD94397CF6A8}.Release|Any CPU.ActiveCfg = Release|Any CPU
		{9E4D13B4-190C-4980-BF0C-DD94397CF6A8}.Release|Any CPU.Build.0 = Release|Any CPU
		{F2FF9B1E-4172-42F3-ADC4-22E47887DB36}.Debug|Any CPU.ActiveCfg = Debug|Any CPU
		{F2FF9B1E-4172-42F3-ADC4-22E47887DB36}.Debug|Any CPU.Build.0 = Debug|Any CPU
		{F2FF9B1E-4172-42F3-ADC4-22E47887DB36}.Release|Any CPU.ActiveCfg = Release|Any CPU
		{F2FF9B1E-4172-42F3-ADC4-22E47887DB36}.Release|Any CPU.Build.0 = Release|Any CPU
		{8F33183C-1304-42DD-B704-55CF0E100A9F}.Debug|Any CPU.ActiveCfg = Debug|Any CPU
		{8F33183C-1304-42DD-B704-55CF0E100A9F}.Debug|Any CPU.Build.0 = Debug|Any CPU
		{8F33183C-1304-42DD-B704-55CF0E100A9F}.Release|Any CPU.ActiveCfg = Release|Any CPU
		{8F33183C-1304-42DD-B704-55CF0E100A9F}.Release|Any CPU.Build.0 = Release|Any CPU
		{C453D390-CBCE-40C2-AA30-1984B6AB3F81}.Debug|Any CPU.ActiveCfg = Debug|Any CPU
		{C453D390-CBCE-40C2-AA30-1984B6AB3F81}.Debug|Any CPU.Build.0 = Debug|Any CPU
		{C453D390-CBCE-40C2-AA30-1984B6AB3F81}.Release|Any CPU.ActiveCfg = Release|Any CPU
		{C453D390-CBCE-40C2-AA30-1984B6AB3F81}.Release|Any CPU.Build.0 = Release|Any CPU
		{CA019F3A-1784-4ECD-9577-3F284B3B61B0}.Debug|Any CPU.ActiveCfg = Debug|Any CPU
		{CA019F3A-1784-4ECD-9577-3F284B3B61B0}.Debug|Any CPU.Build.0 = Debug|Any CPU
		{CA019F3A-1784-4ECD-9577-3F284B3B61B0}.Release|Any CPU.ActiveCfg = Release|Any CPU
		{CA019F3A-1784-4ECD-9577-3F284B3B61B0}.Release|Any CPU.Build.0 = Release|Any CPU
		{8C53ED44-463C-4D5A-B753-FD7842E74525}.Debug|Any CPU.ActiveCfg = Debug|Any CPU
		{8C53ED44-463C-4D5A-B753-FD7842E74525}.Debug|Any CPU.Build.0 = Debug|Any CPU
		{8C53ED44-463C-4D5A-B753-FD7842E74525}.Release|Any CPU.ActiveCfg = Release|Any CPU
		{8C53ED44-463C-4D5A-B753-FD7842E74525}.Release|Any CPU.Build.0 = Release|Any CPU
		{154E5462-66FF-4BAF-9910-9A1AA27CE618}.Debug|Any CPU.ActiveCfg = Debug|Any CPU
		{154E5462-66FF-4BAF-9910-9A1AA27CE618}.Debug|Any CPU.Build.0 = Debug|Any CPU
		{154E5462-66FF-4BAF-9910-9A1AA27CE618}.Release|Any CPU.ActiveCfg = Release|Any CPU
		{154E5462-66FF-4BAF-9910-9A1AA27CE618}.Release|Any CPU.Build.0 = Release|Any CPU
		{A72086CA-D73D-4414-B947-DEFF81BE81B7}.Debug|Any CPU.ActiveCfg = Debug|Any CPU
		{A72086CA-D73D-4414-B947-DEFF81BE81B7}.Debug|Any CPU.Build.0 = Debug|Any CPU
		{A72086CA-D73D-4414-B947-DEFF81BE81B7}.Release|Any CPU.ActiveCfg = Release|Any CPU
		{A72086CA-D73D-4414-B947-DEFF81BE81B7}.Release|Any CPU.Build.0 = Release|Any CPU
		{2BBBBAEB-0276-4730-97F9-A7EFC502E477}.Debug|Any CPU.ActiveCfg = Debug|Any CPU
		{2BBBBAEB-0276-4730-97F9-A7EFC502E477}.Debug|Any CPU.Build.0 = Debug|Any CPU
		{2BBBBAEB-0276-4730-97F9-A7EFC502E477}.Release|Any CPU.ActiveCfg = Release|Any CPU
		{2BBBBAEB-0276-4730-97F9-A7EFC502E477}.Release|Any CPU.Build.0 = Release|Any CPU
	EndGlobalSection
	GlobalSection(SolutionProperties) = preSolution
		HideSolutionNode = FALSE
	EndGlobalSection
	GlobalSection(ExtensibilityGlobals) = postSolution
		SolutionGuid = {9E614CBC-7D7A-472E-9698-635C181DECAC}
	EndGlobalSection
EndGlobal
