
Microsoft Visual Studio Solution File, Format Version 12.00
# Visual Studio 15
VisualStudioVersion = 15.0.27703.2000
MinimumVisualStudioVersion = 10.0.40219.1
Project("{FAE04EC0-301F-11D3-BF4B-00C04F79EFBC}") = "CharityMarathon_01", "CharityMarathon_01\CharityMarathon_01\CharityMarathon_01.csproj", "{E48E9A97-E31B-4283-84F5-5347543B42F2}"
EndProject
Project("{FAE04EC0-301F-11D3-BF4B-00C04F79EFBC}") = "NetherRealms_03", "NetherRealms_03\NetherRealms_03.csproj", "{56D6129B-0146-477B-A872-4C2AE66FB9AA}"
EndProject
Project("{FAE04EC0-301F-11D3-BF4B-00C04F79EFBC}") = "Roli-TheCoder", "Roli-TheCoder\Roli-TheCoder.csproj", "{3A84F6C4-FAD2-46D4-B687-3BD3E3862BEA}"
EndProject
Global
	GlobalSection(SolutionConfigurationPlatforms) = preSolution
		Debug|Any CPU = Debug|Any CPU
		Release|Any CPU = Release|Any CPU
	EndGlobalSection
	GlobalSection(ProjectConfigurationPlatforms) = postSolution
		{E48E9A97-E31B-4283-84F5-5347543B42F2}.Debug|Any CPU.ActiveCfg = Debug|Any CPU
		{E48E9A97-E31B-4283-84F5-5347543B42F2}.Debug|Any CPU.Build.0 = Debug|Any CPU
		{E48E9A97-E31B-4283-84F5-5347543B42F2}.Release|Any CPU.ActiveCfg = Release|Any CPU
		{E48E9A97-E31B-4283-84F5-5347543B42F2}.Release|Any CPU.Build.0 = Release|Any CPU
		{56D6129B-0146-477B-A872-4C2AE66FB9AA}.Debug|Any CPU.ActiveCfg = Debug|Any CPU
		{56D6129B-0146-477B-A872-4C2AE66FB9AA}.Debug|Any CPU.Build.0 = Debug|Any CPU
		{56D6129B-0146-477B-A872-4C2AE66FB9AA}.Release|Any CPU.ActiveCfg = Release|Any CPU
		{56D6129B-0146-477B-A872-4C2AE66FB9AA}.Release|Any CPU.Build.0 = Release|Any CPU
		{3A84F6C4-FAD2-46D4-B687-3BD3E3862BEA}.Debug|Any CPU.ActiveCfg = Debug|Any CPU
		{3A84F6C4-FAD2-46D4-B687-3BD3E3862BEA}.Debug|Any CPU.Build.0 = Debug|Any CPU
		{3A84F6C4-FAD2-46D4-B687-3BD3E3862BEA}.Release|Any CPU.ActiveCfg = Release|Any CPU
		{3A84F6C4-FAD2-46D4-B687-3BD3E3862BEA}.Release|Any CPU.Build.0 = Release|Any CPU
	EndGlobalSection
	GlobalSection(SolutionProperties) = preSolution
		HideSolutionNode = FALSE
	EndGlobalSection
	GlobalSection(ExtensibilityGlobals) = postSolution
		SolutionGuid = {3F4660CF-3682-4DA0-A5CB-A07D4BD8F9EB}
	EndGlobalSection
EndGlobal
