
Microsoft Visual Studio Solution File, Format Version 12.00
# Visual Studio 15
VisualStudioVersion = 15.0.27703.2000
MinimumVisualStudioVersion = 10.0.40219.1
Project("{FAE04EC0-301F-11D3-BF4B-00C04F79EFBC}") = "PadawanEquipment_01", "PadawanEquipment_01\PadawanEquipment_01.csproj", "{6C3F68D3-94EA-4ADE-96BD-EDBC335168B9}"
EndProject
Project("{FAE04EC0-301F-11D3-BF4B-00C04F79EFBC}") = "KaminoFactory_02", "KaminoFactory_02\KaminoFactory_02.csproj", "{D954B3EE-ED0C-4A51-833B-317089895710}"
EndProject
Global
	GlobalSection(SolutionConfigurationPlatforms) = preSolution
		Debug|Any CPU = Debug|Any CPU
		Release|Any CPU = Release|Any CPU
	EndGlobalSection
	GlobalSection(ProjectConfigurationPlatforms) = postSolution
		{6C3F68D3-94EA-4ADE-96BD-EDBC335168B9}.Debug|Any CPU.ActiveCfg = Debug|Any CPU
		{6C3F68D3-94EA-4ADE-96BD-EDBC335168B9}.Debug|Any CPU.Build.0 = Debug|Any CPU
		{6C3F68D3-94EA-4ADE-96BD-EDBC335168B9}.Release|Any CPU.ActiveCfg = Release|Any CPU
		{6C3F68D3-94EA-4ADE-96BD-EDBC335168B9}.Release|Any CPU.Build.0 = Release|Any CPU
		{D954B3EE-ED0C-4A51-833B-317089895710}.Debug|Any CPU.ActiveCfg = Debug|Any CPU
		{D954B3EE-ED0C-4A51-833B-317089895710}.Debug|Any CPU.Build.0 = Debug|Any CPU
		{D954B3EE-ED0C-4A51-833B-317089895710}.Release|Any CPU.ActiveCfg = Release|Any CPU
		{D954B3EE-ED0C-4A51-833B-317089895710}.Release|Any CPU.Build.0 = Release|Any CPU
	EndGlobalSection
	GlobalSection(SolutionProperties) = preSolution
		HideSolutionNode = FALSE
	EndGlobalSection
	GlobalSection(ExtensibilityGlobals) = postSolution
		SolutionGuid = {AEC4CFD0-DDF0-4BDF-A496-0F2B25FE89D7}
	EndGlobalSection
EndGlobal
